{
  "name": "example",
  "version": "1.0.0",
  "lockfileVersion": 2,
  "requires": true,
  "packages": {
    "": {
      "name": "example",
      "version": "1.0.0",
      "license": "ISC",
      "dependencies": {
        "lim-mailer": "^1.0.3"
      }
    },
    "node_modules/lim-mailer": {
      "version": "1.0.3",
      "resolved": "https://registry.npmjs.org/lim-mailer/-/lim-mailer-1.0.3.tgz",
      "integrity": "sha512-n7tduxaxY9gas6WApO2w5fxE5c0z2n+6MjMUoae3M5e8IFbWy5c2K3I5PVGrAtPh/KvuvgQkbA03gb2/6nhBFg==",
      "dependencies": {
        "nodemailer": "^6.7.7"
      }
    },
    "node_modules/nodemailer": {
      "version": "6.7.7",
      "resolved": "https://registry.npmjs.org/nodemailer/-/nodemailer-6.7.7.tgz",
      "integrity": "sha512-pOLC/s+2I1EXuSqO5Wa34i3kXZG3gugDssH+ZNCevHad65tc8vQlCQpOLaUjopvkRQKm2Cki2aME7fEOPRy3bA==",
      "engines": {
        "node": ">=6.0.0"
      }
    }
  },
  "dependencies": {
    "lim-mailer": {
      "version": "1.0.3",
      "resolved": "https://registry.npmjs.org/lim-mailer/-/lim-mailer-1.0.3.tgz",
      "integrity": "sha512-n7tduxaxY9gas6WApO2w5fxE5c0z2n+6MjMUoae3M5e8IFbWy5c2K3I5PVGrAtPh/KvuvgQkbA03gb2/6nhBFg==",
      "requires": {
        "nodemailer": "^6.7.7"
      }
    },
    "nodemailer": {
      "version": "6.7.7",
      "resolved": "https://registry.npmjs.org/nodemailer/-/nodemailer-6.7.7.tgz",
      "integrity": "sha512-pOLC/s+2I1EXuSqO5Wa34i3kXZG3gugDssH+ZNCevHad65tc8vQlCQpOLaUjopvkRQKm2Cki2aME7fEOPRy3bA=="
    }
  }
}
